// !$*UTF8*$!
{
	archiveVersion = 1;
	classes = {
	};
	objectVersion = 55;
	objects = {

/* Begin PBXBuildFile section */
		F47BB36828BB033900D8CC69 /* WifiTableViewCell.swift in Sources */ = {isa = PBXBuildFile; fileRef = F47BB36728BB033900D8CC69 /* WifiTableViewCell.swift */; };
		FF074EB228ABBE3A0004A292 /* AppDelegate.swift in Sources */ = {isa = PBXBuildFile; fileRef = FF074EB128ABBE3A0004A292 /* AppDelegate.swift */; };
		FF074EB428ABBE3A0004A292 /* SceneDelegate.swift in Sources */ = {isa = PBXBuildFile; fileRef = FF074EB328ABBE3A0004A292 /* SceneDelegate.swift */; };
		FF074EB628ABBE3A0004A292 /* ViewController.swift in Sources */ = {isa = PBXBuildFile; fileRef = FF074EB528ABBE3A0004A292 /* ViewController.swift */; };
		FF074EB928ABBE3A0004A292 /* Main.storyboard in Resources */ = {isa = PBXBuildFile; fileRef = FF074EB728ABBE3A0004A292 /* Main.storyboard */; };
		FF074EBB28ABBE3B0004A292 /* Assets.xcassets in Resources */ = {isa = PBXBuildFile; fileRef = FF074EBA28ABBE3B0004A292 /* Assets.xcassets */; };
		FF074EBE28ABBE3B0004A292 /* LaunchScreen.storyboard in Resources */ = {isa = PBXBuildFile; fileRef = FF074EBC28ABBE3B0004A292 /* LaunchScreen.storyboard */; };
		FF074EC628ABBE790004A292 /* publicWifi.sqlite3 in Resources */ = {isa = PBXBuildFile; fileRef = FF074EC528ABBE790004A292 /* publicWifi.sqlite3 */; };
		FF074EC828ABC8B00004A292 /* WifiList.swift in Sources */ = {isa = PBXBuildFile; fileRef = FF074EC728ABC8B00004A292 /* WifiList.swift */; };
		FF074ECA28ABCAF40004A292 /* SearchViewController.swift in Sources */ = {isa = PBXBuildFile; fileRef = FF074EC928ABCAF40004A292 /* SearchViewController.swift */; };
/* End PBXBuildFile section */

/* Begin PBXFileReference section */
		F47BB36728BB033900D8CC69 /* WifiTableViewCell.swift */ = {isa = PBXFileReference; lastKnownFileType = sourcecode.swift; path = WifiTableViewCell.swift; sourceTree = "<group>"; };
		FF074EAE28ABBE3A0004A292 /* WifiFinder.app */ = {isa = PBXFileReference; explicitFileType = wrapper.application; includeInIndex = 0; path = WifiFinder.app; sourceTree = BUILT_PRODUCTS_DIR; };
		FF074EB128ABBE3A0004A292 /* AppDelegate.swift */ = {isa = PBXFileReference; lastKnownFileType = sourcecode.swift; path = AppDelegate.swift; sourceTree = "<group>"; };
		FF074EB328ABBE3A0004A292 /* SceneDelegate.swift */ = {isa = PBXFileReference; lastKnownFileType = sourcecode.swift; path = SceneDelegate.swift; sourceTree = "<group>"; };
		FF074EB528ABBE3A0004A292 /* ViewController.swift */ = {isa = PBXFileReference; lastKnownFileType = sourcecode.swift; path = ViewController.swift; sourceTree = "<group>"; };
		FF074EB828ABBE3A0004A292 /* Base */ = {isa = PBXFileReference; lastKnownFileType = file.storyboard; name = Base; path = Base.lproj/Main.storyboard; sourceTree = "<group>"; };
		FF074EBA28ABBE3B0004A292 /* Assets.xcassets */ = {isa = PBXFileReference; lastKnownFileType = folder.assetcatalog; path = Assets.xcassets; sourceTree = "<group>"; };
		FF074EBD28ABBE3B0004A292 /* Base */ = {isa = PBXFileReference; lastKnownFileType = file.storyboard; name = Base; path = Base.lproj/LaunchScreen.storyboard; sourceTree = "<group>"; };
		FF074EBF28ABBE3B0004A292 /* Info.plist */ = {isa = PBXFileReference; lastKnownFileType = text.plist.xml; path = Info.plist; sourceTree = "<group>"; };
		FF074EC528ABBE790004A292 /* publicWifi.sqlite3 */ = {isa = PBXFileReference; lastKnownFileType = file; path = publicWifi.sqlite3; sourceTree = "<group>"; };
		FF074EC728ABC8B00004A292 /* WifiList.swift */ = {isa = PBXFileReference; lastKnownFileType = sourcecode.swift; path = WifiList.swift; sourceTree = "<group>"; };
		FF074EC928ABCAF40004A292 /* SearchViewController.swift */ = {isa = PBXFileReference; lastKnownFileType = sourcecode.swift; path = SearchViewController.swift; sourceTree = "<group>"; };
/* End PBXFileReference section */

/* Begin PBXFrameworksBuildPhase section */
		FF074EAB28ABBE3A0004A292 /* Frameworks */ = {
			isa = PBXFrameworksBuildPhase;
			buildActionMask = 2147483647;
			files = (
			);
			runOnlyForDeploymentPostprocessing = 0;
		};
/* End PBXFrameworksBuildPhase section */

/* Begin PBXGroup section */
		FF074EA528ABBE3A0004A292 = {
			isa = PBXGroup;
			children = (
				FF074EC528ABBE790004A292 /* publicWifi.sqlite3 */,
				FF074EB028ABBE3A0004A292 /* WifiFinder */,
				FF074EAF28ABBE3A0004A292 /* Products */,
			);
			sourceTree = "<group>";
		};
		FF074EAF28ABBE3A0004A292 /* Products */ = {
			isa = PBXGroup;
			children = (
				FF074EAE28ABBE3A0004A292 /* WifiFinder.app */,
			);
			name = Products;
			sourceTree = "<group>";
		};
		FF074EB028ABBE3A0004A292 /* WifiFinder */ = {
			isa = PBXGroup;
			children = (
				FF074EB128ABBE3A0004A292 /* AppDelegate.swift */,
				FF074EB328ABBE3A0004A292 /* SceneDelegate.swift */,
				FF074EB528ABBE3A0004A292 /* ViewController.swift */,
				FF074EC928ABCAF40004A292 /* SearchViewController.swift */,
				FF074EC728ABC8B00004A292 /* WifiList.swift */,
				F47BB36728BB033900D8CC69 /* WifiTableViewCell.swift */,
				FF074EB728ABBE3A0004A292 /* Main.storyboard */,
				FF074EBA28ABBE3B0004A292 /* Assets.xcassets */,
				FF074EBC28ABBE3B0004A292 /* LaunchScreen.storyboard */,
				FF074EBF28ABBE3B0004A292 /* Info.plist */,
			);
			path = WifiFinder;
			sourceTree = "<group>";
		};
/* End PBXGroup section */

/* Begin PBXNativeTarget section */
		FF074EAD28ABBE3A0004A292 /* WifiFinder */ = {
			isa = PBXNativeTarget;
			buildConfigurationList = FF074EC228ABBE3B0004A292 /* Build configuration list for PBXNativeTarget "WifiFinder" */;
			buildPhases = (
				FF074EAA28ABBE3A0004A292 /* Sources */,
				FF074EAB28ABBE3A0004A292 /* Frameworks */,
				FF074EAC28ABBE3A0004A292 /* Resources */,
			);
			buildRules = (
			);
			dependencies = (
			);
			name = WifiFinder;
			productName = WifiFinder;
			productReference = FF074EAE28ABBE3A0004A292 /* WifiFinder.app */;
			productType = "com.apple.product-type.application";
		};
/* End PBXNativeTarget section */

/* Begin PBXProject section */
		FF074EA628ABBE3A0004A292 /* Project object */ = {
			isa = PBXProject;
			attributes = {
				BuildIndependentTargetsInParallel = 1;
				LastSwiftUpdateCheck = 1340;
				LastUpgradeCheck = 1340;
				TargetAttributes = {
					FF074EAD28ABBE3A0004A292 = {
						CreatedOnToolsVersion = 13.4.1;
					};
				};
			};
			buildConfigurationList = FF074EA928ABBE3A0004A292 /* Build configuration list for PBXProject "WifiFinder" */;
			compatibilityVersion = "Xcode 13.0";
			developmentRegion = en;
			hasScannedForEncodings = 0;
			knownRegions = (
				en,
				Base,
			);
			mainGroup = FF074EA528ABBE3A0004A292;
			productRefGroup = FF074EAF28ABBE3A0004A292 /* Products */;
			projectDirPath = "";
			projectRoot = "";
			targets = (
				FF074EAD28ABBE3A0004A292 /* WifiFinder */,
			);
		};
/* End PBXProject section */

/* Begin PBXResourcesBuildPhase section */
		FF074EAC28ABBE3A0004A292 /* Resources */ = {
			isa = PBXResourcesBuildPhase;
			buildActionMask = 2147483647;
			files = (
				FF074EBE28ABBE3B0004A292 /* LaunchScreen.storyboard in Resources */,
				FF074EBB28ABBE3B0004A292 /* Assets.xcassets in Resources */,
				FF074EB928ABBE3A0004A292 /* Main.storyboard in Resources */,
				FF074EC628ABBE790004A292 /* publicWifi.sqlite3 in Resources */,
			);
			runOnlyForDeploymentPostprocessing = 0;
		};
/* End PBXResourcesBuildPhase section */

/* Begin PBXSourcesBuildPhase section */
		FF074EAA28ABBE3A0004A292 /* Sources */ = {
			isa = PBXSourcesBuildPhase;
			buildActionMask = 2147483647;
			files = (
				F47BB36828BB033900D8CC69 /* WifiTableViewCell.swift in Sources */,
				FF074ECA28ABCAF40004A292 /* SearchViewController.swift in Sources */,
				FF074EC828ABC8B00004A292 /* WifiList.swift in Sources */,
				FF074EB628ABBE3A0004A292 /* ViewController.swift in Sources */,
				FF074EB228ABBE3A0004A292 /* AppDelegate.swift in Sources */,
				FF074EB428ABBE3A0004A292 /* SceneDelegate.swift in Sources */,
			);
			runOnlyForDeploymentPostprocessing = 0;
		};
/* End PBXSourcesBuildPhase section */

/* Begin PBXVariantGroup section */
		FF074EB728ABBE3A0004A292 /* Main.storyboard */ = {
			isa = PBXVariantGroup;
			children = (
				FF074EB828ABBE3A0004A292 /* Base */,
			);
			name = Main.storyboard;
			sourceTree = "<group>";
		};
		FF074EBC28ABBE3B0004A292 /* LaunchScreen.storyboard */ = {
			isa = PBXVariantGroup;
			children = (
				FF074EBD28ABBE3B0004A292 /* Base */,
			);
			name = LaunchScreen.storyboard;
			sourceTree = "<group>";
		};
/* End PBXVariantGroup section */

/* Begin XCBuildConfiguration section */
		FF074EC028ABBE3B0004A292 /* Debug */ = {
			isa = XCBuildConfiguration;
			buildSettings = {
				ALWAYS_SEARCH_USER_PATHS = NO;
				CLANG_ANALYZER_NONNULL = YES;
				CLANG_ANALYZER_NUMBER_OBJECT_CONVERSION = YES_AGGRESSIVE;
				CLANG_CXX_LANGUAGE_STANDARD = "gnu++17";
				CLANG_ENABLE_MODULES = YES;
				CLANG_ENABLE_OBJC_ARC = YES;
				CLANG_ENABLE_OBJC_WEAK = YES;
				CLANG_WARN_BLOCK_CAPTURE_AUTORELEASING = YES;
				CLANG_WARN_BOOL_CONVERSION = YES;
				CLANG_WARN_COMMA = YES;
				CLANG_WARN_CONSTANT_CONVERSION = YES;
				CLANG_WARN_DEPRECATED_OBJC_IMPLEMENTATIONS = YES;
				CLANG_WARN_DIRECT_OBJC_ISA_USAGE = YES_ERROR;
				CLANG_WARN_DOCUMENTATION_COMMENTS = YES;
				CLANG_WARN_EMPTY_BODY = YES;
				CLANG_WARN_ENUM_CONVERSION = YES;
				CLANG_WARN_INFINITE_RECURSION = YES;
				CLANG_WARN_INT_CONVERSION = YES;
				CLANG_WARN_NON_LITERAL_NULL_CONVERSION = YES;
				CLANG_WARN_OBJC_IMPLICIT_RETAIN_SELF = YES;
				CLANG_WARN_OBJC_LITERAL_CONVERSION = YES;
				CLANG_WARN_OBJC_ROOT_CLASS = YES_ERROR;
				CLANG_WARN_QUOTED_INCLUDE_IN_FRAMEWORK_HEADER = YES;
				CLANG_WARN_RANGE_LOOP_ANALYSIS = YES;
				CLANG_WARN_STRICT_PROTOTYPES = YES;
				CLANG_WARN_SUSPICIOUS_MOVE = YES;
				CLANG_WARN_UNGUARDED_AVAILABILITY = YES_AGGRESSIVE;
				CLANG_WARN_UNREACHABLE_CODE = YES;
				CLANG_WARN__DUPLICATE_METHOD_MATCH = YES;
				COPY_PHASE_STRIP = NO;
				DEBUG_INFORMATION_FORMAT = dwarf;
				ENABLE_STRICT_OBJC_MSGSEND = YES;
				ENABLE_TESTABILITY = YES;
				GCC_C_LANGUAGE_STANDARD = gnu11;
				GCC_DYNAMIC_NO_PIC = NO;
				GCC_NO_COMMON_BLOCKS = YES;
				GCC_OPTIMIZATION_LEVEL = 0;
				GCC_PREPROCESSOR_DEFINITIONS = (
					"DEBUG=1",
					"$(inherited)",
				);
				GCC_WARN_64_TO_32_BIT_CONVERSION = YES;
				GCC_WARN_ABOUT_RETURN_TYPE = YES_ERROR;
				GCC_WARN_UNDECLARED_SELECTOR = YES;
				GCC_WARN_UNINITIALIZED_AUTOS = YES_AGGRESSIVE;
				GCC_WARN_UNUSED_FUNCTION = YES;
				GCC_WARN_UNUSED_VARIABLE = YES;
				IPHONEOS_DEPLOYMENT_TARGET = 15.5;
				MTL_ENABLE_DEBUG_INFO = INCLUDE_SOURCE;
				MTL_FAST_MATH = YES;
				ONLY_ACTIVE_ARCH = YES;
				SDKROOT = iphoneos;
				SWIFT_ACTIVE_COMPILATION_CONDITIONS = DEBUG;
				SWIFT_OPTIMIZATION_LEVEL = "-Onone";
			};
			name = Debug;
		};
		FF074EC128ABBE3B0004A292 /* Release */ = {
			isa = XCBuildConfiguration;
			buildSettings = {
				ALWAYS_SEARCH_USER_PATHS = NO;
				CLANG_ANALYZER_NONNULL = YES;
				CLANG_ANALYZER_NUMBER_OBJECT_CONVERSION = YES_AGGRESSIVE;
				CLANG_CXX_LANGUAGE_STANDARD = "gnu++17";
				CLANG_ENABLE_MODULES = YES;
				CLANG_ENABLE_OBJC_ARC = YES;
				CLANG_ENABLE_OBJC_WEAK = YES;
				CLANG_WARN_BLOCK_CAPTURE_AUTORELEASING = YES;
				CLANG_WARN_BOOL_CONVERSION = YES;
				CLANG_WARN_COMMA = YES;
				CLANG_WARN_CONSTANT_CONVERSION = YES;
				CLANG_WARN_DEPRECATED_OBJC_IMPLEMENTATIONS = YES;
				CLANG_WARN_DIRECT_OBJC_ISA_USAGE = YES_ERROR;
				CLANG_WARN_DOCUMENTATION_COMMENTS = YES;
				CLANG_WARN_EMPTY_BODY = YES;
				CLANG_WARN_ENUM_CONVERSION = YES;
				CLANG_WARN_INFINITE_RECURSION = YES;
				CLANG_WARN_INT_CONVERSION = YES;
				CLANG_WARN_NON_LITERAL_NULL_CONVERSION = YES;
				CLANG_WARN_OBJC_IMPLICIT_RETAIN_SELF = YES;
				CLANG_WARN_OBJC_LITERAL_CONVERSION = YES;
				CLANG_WARN_OBJC_ROOT_CLASS = YES_ERROR;
				CLANG_WARN_QUOTED_INCLUDE_IN_FRAMEWORK_HEADER = YES;
				CLANG_WARN_RANGE_LOOP_ANALYSIS = YES;
				CLANG_WARN_STRICT_PROTOTYPES = YES;
				CLANG_WARN_SUSPICIOUS_MOVE = YES;
				CLANG_WARN_UNGUARDED_AVAILABILITY = YES_AGGRESSIVE;
				CLANG_WARN_UNREACHABLE_CODE = YES;
				CLANG_WARN__DUPLICATE_METHOD_MATCH = YES;
				COPY_PHASE_STRIP = NO;
				DEBUG_INFORMATION_FORMAT = "dwarf-with-dsym";
				ENABLE_NS_ASSERTIONS = NO;
				ENABLE_STRICT_OBJC_MSGSEND = YES;
				GCC_C_LANGUAGE_STANDARD = gnu11;
				GCC_NO_COMMON_BLOCKS = YES;
				GCC_WARN_64_TO_32_BIT_CONVERSION = YES;
				GCC_WARN_ABOUT_RETURN_TYPE = YES_ERROR;
				GCC_WARN_UNDECLARED_SELECTOR = YES;
				GCC_WARN_UNINITIALIZED_AUTOS = YES_AGGRESSIVE;
				GCC_WARN_UNUSED_FUNCTION = YES;
				GCC_WARN_UNUSED_VARIABLE = YES;
				IPHONEOS_DEPLOYMENT_TARGET = 15.5;
				MTL_ENABLE_DEBUG_INFO = NO;
				MTL_FAST_MATH = YES;
				SDKROOT = iphoneos;
				SWIFT_COMPILATION_MODE = wholemodule;
				SWIFT_OPTIMIZATION_LEVEL = "-O";
				VALIDATE_PRODUCT = YES;
			};
			name = Release;
		};
		FF074EC328ABBE3B0004A292 /* Debug */ = {
			isa = XCBuildConfiguration;
			buildSettings = {
				ASSETCATALOG_COMPILER_APPICON_NAME = AppIcon;
				ASSETCATALOG_COMPILER_GLOBAL_ACCENT_COLOR_NAME = AccentColor;
				CODE_SIGN_STYLE = Automatic;
				CURRENT_PROJECT_VERSION = 1;
				DEVELOPMENT_TEAM = L7ZDVPAZ3R;
				GENERATE_INFOPLIST_FILE = YES;
				INFOPLIST_FILE = WifiFinder/Info.plist;
				INFOPLIST_KEY_UIApplicationSupportsIndirectInputEvents = YES;
				INFOPLIST_KEY_UILaunchStoryboardName = LaunchScreen;
				INFOPLIST_KEY_UIMainStoryboardFile = Main;
				INFOPLIST_KEY_UISupportedInterfaceOrientations = UIInterfaceOrientationPortrait;
				INFOPLIST_KEY_UISupportedInterfaceOrientations_iPad = "UIInterfaceOrientationPortrait UIInterfaceOrientationPortraitUpsideDown UIInterfaceOrientationLandscapeLeft UIInterfaceOrientationLandscapeRight";
				INFOPLIST_KEY_UISupportedInterfaceOrientations_iPhone = "UIInterfaceOrientationPortrait UIInterfaceOrientationLandscapeLeft UIInterfaceOrientationLandscapeRight";
				IPHONEOS_DEPLOYMENT_TARGET = 13.0;
				LD_RUNPATH_SEARCH_PATHS = (
					"$(inherited)",
					"@executable_path/Frameworks",
				);
				MARKETING_VERSION = 1.0;
				PRODUCT_BUNDLE_IDENTIFIER = com.eunaahn.WifiFinder;
				PRODUCT_NAME = "$(TARGET_NAME)";
				SWIFT_EMIT_LOC_STRINGS = YES;
				SWIFT_VERSION = 5.0;
				TARGETED_DEVICE_FAMILY = 1;
			};
			name = Debug;
		};
		FF074EC428ABBE3B0004A292 /* Release */ = {
			isa = XCBuildConfiguration;
			buildSettings = {
				ASSETCATALOG_COMPILER_APPICON_NAME = AppIcon;
				ASSETCATALOG_COMPILER_GLOBAL_ACCENT_COLOR_NAME = AccentColor;
				CODE_SIGN_STYLE = Automatic;
				CURRENT_PROJECT_VERSION = 1;
				DEVELOPMENT_TEAM = L7ZDVPAZ3R;
				GENERATE_INFOPLIST_FILE = YES;
				INFOPLIST_FILE = WifiFinder/Info.plist;
				INFOPLIST_KEY_UIApplicationSupportsIndirectInputEvents = YES;
				INFOPLIST_KEY_UILaunchStoryboardName = LaunchScreen;
				INFOPLIST_KEY_UIMainStoryboardFile = Main;
				INFOPLIST_KEY_UISupportedInterfaceOrientations = UIInterfaceOrientationPortrait;
				INFOPLIST_KEY_UISupportedInterfaceOrientations_iPad = "UIInterfaceOrientationPortrait UIInterfaceOrientationPortraitUpsideDown UIInterfaceOrientationLandscapeLeft UIInterfaceOrientationLandscapeRight";
				INFOPLIST_KEY_UISupportedInterfaceOrientations_iPhone = "UIInterfaceOrientationPortrait UIInterfaceOrientationLandscapeLeft UIInterfaceOrientationLandscapeRight";
				IPHONEOS_DEPLOYMENT_TARGET = 13.0;
				LD_RUNPATH_SEARCH_PATHS = (
					"$(inherited)",
					"@executable_path/Frameworks",
				);
				MARKETING_VERSION = 1.0;
				PRODUCT_BUNDLE_IDENTIFIER = com.eunaahn.WifiFinder;
				PRODUCT_NAME = "$(TARGET_NAME)";
				SWIFT_EMIT_LOC_STRINGS = YES;
				SWIFT_VERSION = 5.0;
				TARGETED_DEVICE_FAMILY = 1;
			};
			name = Release;
		};
/* End XCBuildConfiguration section */

/* Begin XCConfigurationList section */
		FF074EA928ABBE3A0004A292 /* Build configuration list for PBXProject "WifiFinder" */ = {
			isa = XCConfigurationList;
			buildConfigurations = (
				FF074EC028ABBE3B0004A292 /* Debug */,
				FF074EC128ABBE3B0004A292 /* Release */,
			);
			defaultConfigurationIsVisible = 0;
			defaultConfigurationName = Release;
		};
		FF074EC228ABBE3B0004A292 /* Build configuration list for PBXNativeTarget "WifiFinder" */ = {
			isa = XCConfigurationList;
			buildConfigurations = (
				FF074EC328ABBE3B0004A292 /* Debug */,
				FF074EC428ABBE3B0004A292 /* Release */,
			);
			defaultConfigurationIsVisible = 0;
			defaultConfigurationName = Release;
		};
/* End XCConfigurationList section */
	};
	rootObject = FF074EA628ABBE3A0004A292 /* Project object */;
}
